// !$*UTF8*$!
{
	archiveVersion = 1;
	classes = {
	};
	objectVersion = 50;
	objects = {

/* Begin PBXBuildFile section */
		48371A5BE994A45867F49196 /* Pods_AddBanner.framework in Frameworks */ = {isa = PBXBuildFile; fileRef = D47E0F9ECA96DC22DD80E87C /* Pods_AddBanner.framework */; };
		7372A7F52660F458009FF254 /* AppDelegate.swift in Sources */ = {isa = PBXBuildFile; fileRef = 7372A7F42660F458009FF254 /* AppDelegate.swift */; };
		7372A7F72660F458009FF254 /* SceneDelegate.swift in Sources */ = {isa = PBXBuildFile; fileRef = 7372A7F62660F458009FF254 /* SceneDelegate.swift */; };
		7372A7F92660F458009FF254 /* ViewController.swift in Sources */ = {isa = PBXBuildFile; fileRef = 7372A7F82660F458009FF254 /* ViewController.swift */; };
		7372A7FC2660F458009FF254 /* Main.storyboard in Resources */ = {isa = PBXBuildFile; fileRef = 7372A7FA2660F458009FF254 /* Main.storyboard */; };
		7372A7FE2660F45B009FF254 /* Assets.xcassets in Resources */ = {isa = PBXBuildFile; fileRef = 7372A7FD2660F45B009FF254 /* Assets.xcassets */; };
		7372A8012660F45B009FF254 /* LaunchScreen.storyboard in Resources */ = {isa = PBXBuildFile; fileRef = 7372A7FF2660F45B009FF254 /* LaunchScreen.storyboard */; };
/* End PBXBuildFile section */

/* Begin PBXFileReference section */
		0A793B25F2DCFCBAA3A9DB91 /* Pods-AddBanner.release.xcconfig */ = {isa = PBXFileReference; includeInIndex = 1; lastKnownFileType = text.xcconfig; name = "Pods-AddBanner.release.xcconfig"; path = "Target Support Files/Pods-AddBanner/Pods-AddBanner.release.xcconfig"; sourceTree = "<group>"; };
		7372A7F12660F458009FF254 /* AddBanner.app */ = {isa = PBXFileReference; explicitFileType = wrapper.application; includeInIndex = 0; path = AddBanner.app; sourceTree = BUILT_PRODUCTS_DIR; };
		7372A7F42660F458009FF254 /* AppDelegate.swift */ = {isa = PBXFileReference; lastKnownFileType = sourcecode.swift; path = AppDelegate.swift; sourceTree = "<group>"; };
		7372A7F62660F458009FF254 /* SceneDelegate.swift */ = {isa = PBXFileReference; lastKnownFileType = sourcecode.swift; path = SceneDelegate.swift; sourceTree = "<group>"; };
		7372A7F82660F458009FF254 /* ViewController.swift */ = {isa = PBXFileReference; lastKnownFileType = sourcecode.swift; path = ViewController.swift; sourceTree = "<group>"; };
		7372A7FB2660F458009FF254 /* Base */ = {isa = PBXFileReference; lastKnownFileType = file.storyboard; name = Base; path = Base.lproj/Main.storyboard; sourceTree = "<group>"; };
		7372A7FD2660F45B009FF254 /* Assets.xcassets */ = {isa = PBXFileReference; lastKnownFileType = folder.assetcatalog; path = Assets.xcassets; sourceTree = "<group>"; };
		7372A8002660F45B009FF254 /* Base */ = {isa = PBXFileReference; lastKnownFileType = file.storyboard; name = Base; path = Base.lproj/LaunchScreen.storyboard; sourceTree = "<group>"; };
		7372A8022660F45B009FF254 /* Info.plist */ = {isa = PBXFileReference; lastKnownFileType = text.plist.xml; path = Info.plist; sourceTree = "<group>"; };
		D47E0F9ECA96DC22DD80E87C /* Pods_AddBanner.framework */ = {isa = PBXFileReference; explicitFileType = wrapper.framework; includeInIndex = 0; path = Pods_AddBanner.framework; sourceTree = BUILT_PRODUCTS_DIR; };
		E1D72385452E58530A86AF4D /* Pods-AddBanner.debug.xcconfig */ = {isa = PBXFileReference; includeInIndex = 1; lastKnownFileType = text.xcconfig; name = "Pods-AddBanner.debug.xcconfig"; path = "Target Support Files/Pods-AddBanner/Pods-AddBanner.debug.xcconfig"; sourceTree = "<group>"; };
/* End PBXFileReference section */

/* Begin PBXFrameworksBuildPhase section */
		7372A7EE2660F458009FF254 /* Frameworks */ = {
			isa = PBXFrameworksBuildPhase;
			buildActionMask = 2147483647;
			files = (
				48371A5BE994A45867F49196 /* Pods_AddBanner.framework in Frameworks */,
			);
			runOnlyForDeploymentPostprocessing = 0;
		};
/* End PBXFrameworksBuildPhase section */

/* Begin PBXGroup section */
		33DC204B20C8B3FDB6640C25 /* Frameworks */ = {
			isa = PBXGroup;
			children = (
				D47E0F9ECA96DC22DD80E87C /* Pods_AddBanner.framework */,
			);
			name = Frameworks;
			sourceTree = "<group>";
		};
		7372A7E82660F458009FF254 = {
			isa = PBXGroup;
			children = (
				7372A7F32660F458009FF254 /* AddBanner */,
				7372A7F22660F458009FF254 /* Products */,
				7B728112605A7E164AD48A33 /* Pods */,
				33DC204B20C8B3FDB6640C25 /* Frameworks */,
			);
			sourceTree = "<group>";
		};
		7372A7F22660F458009FF254 /* Products */ = {
			isa = PBXGroup;
			children = (
				7372A7F12660F458009FF254 /* AddBanner.app */,
			);
			name = Products;
			sourceTree = "<group>";
		};
		7372A7F32660F458009FF254 /* AddBanner */ = {
			isa = PBXGroup;
			children = (
				7372A7F42660F458009FF254 /* AppDelegate.swift */,
				7372A7F62660F458009FF254 /* SceneDelegate.swift */,
				7372A7F82660F458009FF254 /* ViewController.swift */,
				7372A7FA2660F458009FF254 /* Main.storyboard */,
				7372A7FD2660F45B009FF254 /* Assets.xcassets */,
				7372A7FF2660F45B009FF254 /* LaunchScreen.storyboard */,
				7372A8022660F45B009FF254 /* Info.plist */,
			);
			path = AddBanner;
			sourceTree = "<group>";
		};
		7B728112605A7E164AD48A33 /* Pods */ = {
			isa = PBXGroup;
			children = (
				E1D72385452E58530A86AF4D /* Pods-AddBanner.debug.xcconfig */,
				0A793B25F2DCFCBAA3A9DB91 /* Pods-AddBanner.release.xcconfig */,
			);
			name = Pods;
			path = Pods;
			sourceTree = "<group>";
		};
/* End PBXGroup section */

/* Begin PBXNativeTarget section */
		7372A7F02660F458009FF254 /* AddBanner */ = {
			isa = PBXNativeTarget;
			buildConfigurationList = 7372A8052660F45B009FF254 /* Build configuration list for PBXNativeTarget "AddBanner" */;
			buildPhases = (
				30427035614B8535C76AA60C /* [CP] Check Pods Manifest.lock */,
				7372A7ED2660F458009FF254 /* Sources */,
				7372A7EE2660F458009FF254 /* Frameworks */,
				7372A7EF2660F458009FF254 /* Resources */,
				854371CC52B8A234DEFE9632 /* [CP] Embed Pods Frameworks */,
			);
			buildRules = (
			);
			dependencies = (
			);
			name = AddBanner;
			productName = AddBanner;
			productReference = 7372A7F12660F458009FF254 /* AddBanner.app */;
			productType = "com.apple.product-type.application";
		};
/* End PBXNativeTarget section */

/* Begin PBXProject section */
		7372A7E92660F458009FF254 /* Project object */ = {
			isa = PBXProject;
			attributes = {
				LastSwiftUpdateCheck = 1240;
				LastUpgradeCheck = 1240;
				TargetAttributes = {
					7372A7F02660F458009FF254 = {
						CreatedOnToolsVersion = 12.4;
					};
				};
			};
			buildConfigurationList = 7372A7EC2660F458009FF254 /* Build configuration list for PBXProject "AddBanner" */;
			compatibilityVersion = "Xcode 9.3";
			developmentRegion = en;
			hasScannedForEncodings = 0;
			knownRegions = (
				en,
				Base,
			);
			mainGroup = 7372A7E82660F458009FF254;
			productRefGroup = 7372A7F22660F458009FF254 /* Products */;
			projectDirPath = "";
			projectRoot = "";
			targets = (
				7372A7F02660F458009FF254 /* AddBanner */,
			);
		};
/* End PBXProject section */

/* Begin PBXResourcesBuildPhase section */
		7372A7EF2660F458009FF254 /* Resources */ = {
			isa = PBXResourcesBuildPhase;
			buildActionMask = 2147483647;
			files = (
				7372A8012660F45B009FF254 /* LaunchScreen.storyboard in Resources */,
				7372A7FE2660F45B009FF254 /* Assets.xcassets in Resources */,
				7372A7FC2660F458009FF254 /* Main.storyboard in Resources */,
			);
			runOnlyForDeploymentPostprocessing = 0;
		};
/* End PBXResourcesBuildPhase section */

/* Begin PBXShellScriptBuildPhase section */
		30427035614B8535C76AA60C /* [CP] Check Pods Manifest.lock */ = {
			isa = PBXShellScriptBuildPhase;
			buildActionMask = 2147483647;
			files = (
			);
			inputFileListPaths = (
			);
			inputPaths = (
				"${PODS_PODFILE_DIR_PATH}/Podfile.lock",
				"${PODS_ROOT}/Manifest.lock",
			);
			name = "[CP] Check Pods Manifest.lock";
			outputFileListPaths = (
			);
			outputPaths = (
				"$(DERIVED_FILE_DIR)/Pods-AddBanner-checkManifestLockResult.txt",
			);
			runOnlyForDeploymentPostprocessing = 0;
			shellPath = /bin/sh;
			shellScript = "diff \"${PODS_PODFILE_DIR_PATH}/Podfile.lock\" \"${PODS_ROOT}/Manifest.lock\" > /dev/null\nif [ $? != 0 ] ; then\n    # print error to STDERR\n    echo \"error: The sandbox is not in sync with the Podfile.lock. Run 'pod install' or update your CocoaPods installation.\" >&2\n    exit 1\nfi\n# This output is used by Xcode 'outputs' to avoid re-running this script phase.\necho \"SUCCESS\" > \"${SCRIPT_OUTPUT_FILE_0}\"\n";
			showEnvVarsInLog = 0;
		};
		854371CC52B8A234DEFE9632 /* [CP] Embed Pods Frameworks */ = {
			isa = PBXShellScriptBuildPhase;
			buildActionMask = 2147483647;
			files = (
			);
			inputFileListPaths = (
				"${PODS_ROOT}/Target Support Files/Pods-AddBanner/Pods-AddBanner-frameworks-${CONFIGURATION}-input-files.xcfilelist",
			);
			name = "[CP] Embed Pods Frameworks";
			outputFileListPaths = (
				"${PODS_ROOT}/Target Support Files/Pods-AddBanner/Pods-AddBanner-frameworks-${CONFIGURATION}-output-files.xcfilelist",
			);
			runOnlyForDeploymentPostprocessing = 0;
			shellPath = /bin/sh;
			shellScript = "\"${PODS_ROOT}/Target Support Files/Pods-AddBanner/Pods-AddBanner-frameworks.sh\"\n";
			showEnvVarsInLog = 0;
		};
/* End PBXShellScriptBuildPhase section */

/* Begin PBXSourcesBuildPhase section */
		7372A7ED2660F458009FF254 /* Sources */ = {
			isa = PBXSourcesBuildPhase;
			buildActionMask = 2147483647;
			files = (
				7372A7F92660F458009FF254 /* ViewController.swift in Sources */,
				7372A7F52660F458009FF254 /* AppDelegate.swift in Sources */,
				7372A7F72660F458009FF254 /* SceneDelegate.swift in Sources */,
			);
			runOnlyForDeploymentPostprocessing = 0;
		};
/* End PBXSourcesBuildPhase section */

/* Begin PBXVariantGroup section */
		7372A7FA2660F458009FF254 /* Main.storyboard */ = {
			isa = PBXVariantGroup;
			children = (
				7372A7FB2660F458009FF254 /* Base */,
			);
			name = Main.storyboard;
			sourceTree = "<group>";
		};
		7372A7FF2660F45B009FF254 /* LaunchScreen.storyboard */ = {
			isa = PBXVariantGroup;
			children = (
				7372A8002660F45B009FF254 /* Base */,
			);
			name = LaunchScreen.storyboard;
			sourceTree = "<group>";
		};
/* End PBXVariantGroup section */

/* Begin XCBuildConfiguration section */
		7372A8032660F45B009FF254 /* Debug */ = {
			isa = XCBuildConfiguration;
			buildSettings = {
				ALWAYS_SEARCH_USER_PATHS = NO;
				CLANG_ANALYZER_NONNULL = YES;
				CLANG_ANALYZER_NUMBER_OBJECT_CONVERSION = YES_AGGRESSIVE;
				CLANG_CXX_LANGUAGE_STANDARD = "gnu++14";
				CLANG_CXX_LIBRARY = "libc++";
				CLANG_ENABLE_MODULES = YES;
				CLANG_ENABLE_OBJC_ARC = YES;
				CLANG_ENABLE_OBJC_WEAK = YES;
				CLANG_WARN_BLOCK_CAPTURE_AUTORELEASING = YES;
				CLANG_WARN_BOOL_CONVERSION = YES;
				CLANG_WARN_COMMA = YES;
				CLANG_WARN_CONSTANT_CONVERSION = YES;
				CLANG_WARN_DEPRECATED_OBJC_IMPLEMENTATIONS = YES;
				CLANG_WARN_DIRECT_OBJC_ISA_USAGE = YES_ERROR;
				CLANG_WARN_DOCUMENTATION_COMMENTS = YES;
				CLANG_WARN_EMPTY_BODY = YES;
				CLANG_WARN_ENUM_CONVERSION = YES;
				CLANG_WARN_INFINITE_RECURSION = YES;
				CLANG_WARN_INT_CONVERSION = YES;
				CLANG_WARN_NON_LITERAL_NULL_CONVERSION = YES;
				CLANG_WARN_OBJC_IMPLICIT_RETAIN_SELF = YES;
				CLANG_WARN_OBJC_LITERAL_CONVERSION = YES;
				CLANG_WARN_OBJC_ROOT_CLASS = YES_ERROR;
				CLANG_WARN_QUOTED_INCLUDE_IN_FRAMEWORK_HEADER = YES;
				CLANG_WARN_RANGE_LOOP_ANALYSIS = YES;
				CLANG_WARN_STRICT_PROTOTYPES = YES;
				CLANG_WARN_SUSPICIOUS_MOVE = YES;
				CLANG_WARN_UNGUARDED_AVAILABILITY = YES_AGGRESSIVE;
				CLANG_WARN_UNREACHABLE_CODE = YES;
				CLANG_WARN__DUPLICATE_METHOD_MATCH = YES;
				COPY_PHASE_STRIP = NO;
				DEBUG_INFORMATION_FORMAT = dwarf;
				ENABLE_STRICT_OBJC_MSGSEND = YES;
				ENABLE_TESTABILITY = YES;
				GCC_C_LANGUAGE_STANDARD = gnu11;
				GCC_DYNAMIC_NO_PIC = NO;
				GCC_NO_COMMON_BLOCKS = YES;
				GCC_OPTIMIZATION_LEVEL = 0;
				GCC_PREPROCESSOR_DEFINITIONS = (
					"DEBUG=1",
					"$(inherited)",
				);
				GCC_WARN_64_TO_32_BIT_CONVERSION = YES;
				GCC_WARN_ABOUT_RETURN_TYPE = YES_ERROR;
				GCC_WARN_UNDECLARED_SELECTOR = YES;
				GCC_WARN_UNINITIALIZED_AUTOS = YES_AGGRESSIVE;
				GCC_WARN_UNUSED_FUNCTION = YES;
				GCC_WARN_UNUSED_VARIABLE = YES;
				IPHONEOS_DEPLOYMENT_TARGET = 14.4;
				MTL_ENABLE_DEBUG_INFO = INCLUDE_SOURCE;
				MTL_FAST_MATH = YES;
				ONLY_ACTIVE_ARCH = YES;
				SDKROOT = iphoneos;
				SWIFT_ACTIVE_COMPILATION_CONDITIONS = DEBUG;
				SWIFT_OPTIMIZATION_LEVEL = "-Onone";
			};
			name = Debug;
		};
		7372A8042660F45B009FF254 /* Release */ = {
			isa = XCBuildConfiguration;
			buildSettings = {
				ALWAYS_SEARCH_USER_PATHS = NO;
				CLANG_ANALYZER_NONNULL = YES;
				CLANG_ANALYZER_NUMBER_OBJECT_CONVERSION = YES_AGGRESSIVE;
				CLANG_CXX_LANGUAGE_STANDARD = "gnu++14";
				CLANG_CXX_LIBRARY = "libc++";
				CLANG_ENABLE_MODULES = YES;
				CLANG_ENABLE_OBJC_ARC = YES;
				CLANG_ENABLE_OBJC_WEAK = YES;
				CLANG_WARN_BLOCK_CAPTURE_AUTORELEASING = YES;
				CLANG_WARN_BOOL_CONVERSION = YES;
				CLANG_WARN_COMMA = YES;
				CLANG_WARN_CONSTANT_CONVERSION = YES;
				CLANG_WARN_DEPRECATED_OBJC_IMPLEMENTATIONS = YES;
				CLANG_WARN_DIRECT_OBJC_ISA_USAGE = YES_ERROR;
				CLANG_WARN_DOCUMENTATION_COMMENTS = YES;
				CLANG_WARN_EMPTY_BODY = YES;
				CLANG_WARN_ENUM_CONVERSION = YES;
				CLANG_WARN_INFINITE_RECURSION = YES;
				CLANG_WARN_INT_CONVERSION = YES;
				CLANG_WARN_NON_LITERAL_NULL_CONVERSION = YES;
				CLANG_WARN_OBJC_IMPLICIT_RETAIN_SELF = YES;
				CLANG_WARN_OBJC_LITERAL_CONVERSION = YES;
				CLANG_WARN_OBJC_ROOT_CLASS = YES_ERROR;
				CLANG_WARN_QUOTED_INCLUDE_IN_FRAMEWORK_HEADER = YES;
				CLANG_WARN_RANGE_LOOP_ANALYSIS = YES;
				CLANG_WARN_STRICT_PROTOTYPES = YES;
				CLANG_WARN_SUSPICIOUS_MOVE = YES;
				CLANG_WARN_UNGUARDED_AVAILABILITY = YES_AGGRESSIVE;
				CLANG_WARN_UNREACHABLE_CODE = YES;
				CLANG_WARN__DUPLICATE_METHOD_MATCH = YES;
				COPY_PHASE_STRIP = NO;
				DEBUG_INFORMATION_FORMAT = "dwarf-with-dsym";
				ENABLE_NS_ASSERTIONS = NO;
				ENABLE_STRICT_OBJC_MSGSEND = YES;
				GCC_C_LANGUAGE_STANDARD = gnu11;
				GCC_NO_COMMON_BLOCKS = YES;
				GCC_WARN_64_TO_32_BIT_CONVERSION = YES;
				GCC_WARN_ABOUT_RETURN_TYPE = YES_ERROR;
				GCC_WARN_UNDECLARED_SELECTOR = YES;
				GCC_WARN_UNINITIALIZED_AUTOS = YES_AGGRESSIVE;
				GCC_WARN_UNUSED_FUNCTION = YES;
				GCC_WARN_UNUSED_VARIABLE = YES;
				IPHONEOS_DEPLOYMENT_TARGET = 14.4;
				MTL_ENABLE_DEBUG_INFO = NO;
				MTL_FAST_MATH = YES;
				SDKROOT = iphoneos;
				SWIFT_COMPILATION_MODE = wholemodule;
				SWIFT_OPTIMIZATION_LEVEL = "-O";
				VALIDATE_PRODUCT = YES;
			};
			name = Release;
		};
		7372A8062660F45B009FF254 /* Debug */ = {
			isa = XCBuildConfiguration;
			baseConfigurationReference = E1D72385452E58530A86AF4D /* Pods-AddBanner.debug.xcconfig */;
			buildSettings = {
				ASSETCATALOG_COMPILER_APPICON_NAME = AppIcon;
				ASSETCATALOG_COMPILER_GLOBAL_ACCENT_COLOR_NAME = AccentColor;
				CODE_SIGN_STYLE = Automatic;
				INFOPLIST_FILE = AddBanner/Info.plist;
				LD_RUNPATH_SEARCH_PATHS = (
					"$(inherited)",
					"@executable_path/Frameworks",
				);
				PRODUCT_BUNDLE_IDENTIFIER = ili.digital.AddBanner;
				PRODUCT_NAME = "$(TARGET_NAME)";
				SWIFT_VERSION = 5.0;
				TARGETED_DEVICE_FAMILY = "1,2";
			};
			name = Debug;
		};
		7372A8072660F45B009FF254 /* Release */ = {
			isa = XCBuildConfiguration;
			baseConfigurationReference = 0A793B25F2DCFCBAA3A9DB91 /* Pods-AddBanner.release.xcconfig */;
			buildSettings = {
				ASSETCATALOG_COMPILER_APPICON_NAME = AppIcon;
				ASSETCATALOG_COMPILER_GLOBAL_ACCENT_COLOR_NAME = AccentColor;
				CODE_SIGN_STYLE = Automatic;
				INFOPLIST_FILE = AddBanner/Info.plist;
				LD_RUNPATH_SEARCH_PATHS = (
					"$(inherited)",
					"@executable_path/Frameworks",
				);
				PRODUCT_BUNDLE_IDENTIFIER = ili.digital.AddBanner;
				PRODUCT_NAME = "$(TARGET_NAME)";
				SWIFT_VERSION = 5.0;
				TARGETED_DEVICE_FAMILY = "1,2";
			};
			name = Release;
		};
/* End XCBuildConfiguration section */

/* Begin XCConfigurationList section */
		7372A7EC2660F458009FF254 /* Build configuration list for PBXProject "AddBanner" */ = {
			isa = XCConfigurationList;
			buildConfigurations = (
				7372A8032660F45B009FF254 /* Debug */,
				7372A8042660F45B009FF254 /* Release */,
			);
			defaultConfigurationIsVisible = 0;
			defaultConfigurationName = Release;
		};
		7372A8052660F45B009FF254 /* Build configuration list for PBXNativeTarget "AddBanner" */ = {
			isa = XCConfigurationList;
			buildConfigurations = (
				7372A8062660F45B009FF254 /* Debug */,
				7372A8072660F45B009FF254 /* Release */,
			);
			defaultConfigurationIsVisible = 0;
			defaultConfigurationName = Release;
		};
/* End XCConfigurationList section */
	};
	rootObject = 7372A7E92660F458009FF254 /* Project object */;
}
